
Microsoft Visual Studio Solution File, Format Version 12.00
# Visual Studio 15
VisualStudioVersion = 15.0.28010.2036
MinimumVisualStudioVersion = 10.0.40219.1
Project("{FAE04EC0-301F-11D3-BF4B-00C04F79EFBC}") = "GrandCircusLab6", "GrandCircusLab6\GrandCircusLab6.csproj", "{C9B51B57-61F3-4856-A4AC-0505990BF279}"
EndProject
Global
	GlobalSection(SolutionConfigurationPlatforms) = preSolution
		Debug|Any CPU = Debug|Any CPU
		Release|Any CPU = Release|Any CPU
	EndGlobalSection
	GlobalSection(ProjectConfigurationPlatforms) = postSolution
		{C9B51B57-61F3-4856-A4AC-0505990BF279}.Debug|Any CPU.ActiveCfg = Debug|Any CPU
		{C9B51B57-61F3-4856-A4AC-0505990BF279}.Debug|Any CPU.Build.0 = Debug|Any CPU
		{C9B51B57-61F3-4856-A4AC-0505990BF279}.Release|Any CPU.ActiveCfg = Release|Any CPU
		{C9B51B57-61F3-4856-A4AC-0505990BF279}.Release|Any CPU.Build.0 = Release|Any CPU
	EndGlobalSection
	GlobalSection(SolutionProperties) = preSolution
		HideSolutionNode = FALSE
	EndGlobalSection
	GlobalSection(ExtensibilityGlobals) = postSolution
		SolutionGuid = {6C867F6C-7F7E-446B-85AA-DCEFDA7C2E70}
	EndGlobalSection
EndGlobal
